
Microsoft Visual Studio Solution File, Format Version 12.00
# Visual Studio 15
VisualStudioVersion = 15.0.27703.2035
MinimumVisualStudioVersion = 10.0.40219.1
Project("{FAE04EC0-301F-11D3-BF4B-00C04F79EFBC}") = "XF.AplicativoFIAP.Android", "XF.AplicativoFIAP\XF.AplicativoFIAP.Android\XF.AplicativoFIAP.Android.csproj", "{76C0B0F3-48C8-40B0-91C0-BFE7573EAAA0}"
EndProject
Project("{FAE04EC0-301F-11D3-BF4B-00C04F79EFBC}") = "XF.AplicativoFIAP.iOS", "XF.AplicativoFIAP\XF.AplicativoFIAP.iOS\XF.AplicativoFIAP.iOS.csproj", "{9FAB0032-8CE1-4A52-A8B1-08E86454182E}"
EndProject
Project("{FAE04EC0-301F-11D3-BF4B-00C04F79EFBC}") = "XF.AplicativoFIAP", "XF.AplicativoFIAP\XF.AplicativoFIAP\XF.AplicativoFIAP.csproj", "{AB0EA93F-1934-4F12-B38B-321828C3901C}"
EndProject
Global
	GlobalSection(SolutionConfigurationPlatforms) = preSolution
		Ad-Hoc|Any CPU = Ad-Hoc|Any CPU
		Ad-Hoc|iPhone = Ad-Hoc|iPhone
		Ad-Hoc|iPhoneSimulator = Ad-Hoc|iPhoneSimulator
		AppStore|Any CPU = AppStore|Any CPU
		AppStore|iPhone = AppStore|iPhone
		AppStore|iPhoneSimulator = AppStore|iPhoneSimulator
		Debug|Any CPU = Debug|Any CPU
		Debug|iPhone = Debug|iPhone
		Debug|iPhoneSimulator = Debug|iPhoneSimulator
		Release|Any CPU = Release|Any CPU
		Release|iPhone = Release|iPhone
		Release|iPhoneSimulator = Release|iPhoneSimulator
	EndGlobalSection
	GlobalSection(ProjectConfigurationPlatforms) = postSolution
		{76C0B0F3-48C8-40B0-91C0-BFE7573EAAA0}.Ad-Hoc|Any CPU.ActiveCfg = Release|Any CPU
		{76C0B0F3-48C8-40B0-91C0-BFE7573EAAA0}.Ad-Hoc|Any CPU.Build.0 = Release|Any CPU
		{76C0B0F3-48C8-40B0-91C0-BFE7573EAAA0}.Ad-Hoc|Any CPU.Deploy.0 = Release|Any CPU
		{76C0B0F3-48C8-40B0-91C0-BFE7573EAAA0}.Ad-Hoc|iPhone.ActiveCfg = Release|Any CPU
		{76C0B0F3-48C8-40B0-91C0-BFE7573EAAA0}.Ad-Hoc|iPhone.Build.0 = Release|Any CPU
		{76C0B0F3-48C8-40B0-91C0-BFE7573EAAA0}.Ad-Hoc|iPhone.Deploy.0 = Release|Any CPU
		{76C0B0F3-48C8-40B0-91C0-BFE7573EAAA0}.Ad-Hoc|iPhoneSimulator.ActiveCfg = Release|Any CPU
		{76C0B0F3-48C8-40B0-91C0-BFE7573EAAA0}.Ad-Hoc|iPhoneSimulator.Build.0 = Release|Any CPU
		{76C0B0F3-48C8-40B0-91C0-BFE7573EAAA0}.Ad-Hoc|iPhoneSimulator.Deploy.0 = Release|Any CPU
		{76C0B0F3-48C8-40B0-91C0-BFE7573EAAA0}.AppStore|Any CPU.ActiveCfg = Release|Any CPU
		{76C0B0F3-48C8-40B0-91C0-BFE7573EAAA0}.AppStore|Any CPU.Build.0 = Release|Any CPU
		{76C0B0F3-48C8-40B0-91C0-BFE7573EAAA0}.AppStore|Any CPU.Deploy.0 = Release|Any CPU
		{76C0B0F3-48C8-40B0-91C0-BFE7573EAAA0}.AppStore|iPhone.ActiveCfg = Release|Any CPU
		{76C0B0F3-48C8-40B0-91C0-BFE7573EAAA0}.AppStore|iPhone.Build.0 = Release|Any CPU
		{76C0B0F3-48C8-40B0-91C0-BFE7573EAAA0}.AppStore|iPhone.Deploy.0 = Release|Any CPU
		{76C0B0F3-48C8-40B0-91C0-BFE7573EAAA0}.AppStore|iPhoneSimulator.ActiveCfg = Release|Any CPU
		{76C0B0F3-48C8-40B0-91C0-BFE7573EAAA0}.AppStore|iPhoneSimulator.Build.0 = Release|Any CPU
		{76C0B0F3-48C8-40B0-91C0-BFE7573EAAA0}.AppStore|iPhoneSimulator.Deploy.0 = Release|Any CPU
		{76C0B0F3-48C8-40B0-91C0-BFE7573EAAA0}.Debug|Any CPU.ActiveCfg = Debug|Any CPU
		{76C0B0F3-48C8-40B0-91C0-BFE7573EAAA0}.Debug|Any CPU.Build.0 = Debug|Any CPU
		{76C0B0F3-48C8-40B0-91C0-BFE7573EAAA0}.Debug|Any CPU.Deploy.0 = Debug|Any CPU
		{76C0B0F3-48C8-40B0-91C0-BFE7573EAAA0}.Debug|iPhone.ActiveCfg = Debug|Any CPU
		{76C0B0F3-48C8-40B0-91C0-BFE7573EAAA0}.Debug|iPhone.Build.0 = Debug|Any CPU
		{76C0B0F3-48C8-40B0-91C0-BFE7573EAAA0}.Debug|iPhone.Deploy.0 = Debug|Any CPU
		{76C0B0F3-48C8-40B0-91C0-BFE7573EAAA0}.Debug|iPhoneSimulator.ActiveCfg = Debug|Any CPU
		{76C0B0F3-48C8-40B0-91C0-BFE7573EAAA0}.Debug|iPhoneSimulator.Build.0 = Debug|Any CPU
		{76C0B0F3-48C8-40B0-91C0-BFE7573EAAA0}.Debug|iPhoneSimulator.Deploy.0 = Debug|Any CPU
		{76C0B0F3-48C8-40B0-91C0-BFE7573EAAA0}.Release|Any CPU.ActiveCfg = Release|Any CPU
		{76C0B0F3-48C8-40B0-91C0-BFE7573EAAA0}.Release|Any CPU.Build.0 = Release|Any CPU
		{76C0B0F3-48C8-40B0-91C0-BFE7573EAAA0}.Release|Any CPU.Deploy.0 = Release|Any CPU
		{76C0B0F3-48C8-40B0-91C0-BFE7573EAAA0}.Release|iPhone.ActiveCfg = Release|Any CPU
		{76C0B0F3-48C8-40B0-91C0-BFE7573EAAA0}.Release|iPhone.Build.0 = Release|Any CPU
		{76C0B0F3-48C8-40B0-91C0-BFE7573EAAA0}.Release|iPhone.Deploy.0 = Release|Any CPU
		{76C0B0F3-48C8-40B0-91C0-BFE7573EAAA0}.Release|iPhoneSimulator.ActiveCfg = Release|Any CPU
		{76C0B0F3-48C8-40B0-91C0-BFE7573EAAA0}.Release|iPhoneSimulator.Build.0 = Release|Any CPU
		{76C0B0F3-48C8-40B0-91C0-BFE7573EAAA0}.Release|iPhoneSimulator.Deploy.0 = Release|Any CPU
		{9FAB0032-8CE1-4A52-A8B1-08E86454182E}.Ad-Hoc|Any CPU.ActiveCfg = Ad-Hoc|iPhone
		{9FAB0032-8CE1-4A52-A8B1-08E86454182E}.Ad-Hoc|Any CPU.Build.0 = Ad-Hoc|iPhone
		{9FAB0032-8CE1-4A52-A8B1-08E86454182E}.Ad-Hoc|Any CPU.Deploy.0 = Ad-Hoc|iPhone
		{9FAB0032-8CE1-4A52-A8B1-08E86454182E}.Ad-Hoc|iPhone.ActiveCfg = Ad-Hoc|iPhone
		{9FAB0032-8CE1-4A52-A8B1-08E86454182E}.Ad-Hoc|iPhone.Build.0 = Ad-Hoc|iPhone
		{9FAB0032-8CE1-4A52-A8B1-08E86454182E}.Ad-Hoc|iPhone.Deploy.0 = Ad-Hoc|iPhone
		{9FAB0032-8CE1-4A52-A8B1-08E86454182E}.Ad-Hoc|iPhoneSimulator.ActiveCfg = Ad-Hoc|iPhoneSimulator
		{9FAB0032-8CE1-4A52-A8B1-08E86454182E}.Ad-Hoc|iPhoneSimulator.Build.0 = Ad-Hoc|iPhoneSimulator
		{9FAB0032-8CE1-4A52-A8B1-08E86454182E}.Ad-Hoc|iPhoneSimulator.Deploy.0 = Ad-Hoc|iPhoneSimulator
		{9FAB0032-8CE1-4A52-A8B1-08E86454182E}.AppStore|Any CPU.ActiveCfg = AppStore|iPhone
		{9FAB0032-8CE1-4A52-A8B1-08E86454182E}.AppStore|Any CPU.Build.0 = AppStore|iPhone
		{9FAB0032-8CE1-4A52-A8B1-08E86454182E}.AppStore|Any CPU.Deploy.0 = AppStore|iPhone
		{9FAB0032-8CE1-4A52-A8B1-08E86454182E}.AppStore|iPhone.ActiveCfg = AppStore|iPhone
		{9FAB0032-8CE1-4A52-A8B1-08E86454182E}.AppStore|iPhone.Build.0 = AppStore|iPhone
		{9FAB0032-8CE1-4A52-A8B1-08E86454182E}.AppStore|iPhone.Deploy.0 = AppStore|iPhone
		{9FAB0032-8CE1-4A52-A8B1-08E86454182E}.AppStore|iPhoneSimulator.ActiveCfg = AppStore|iPhoneSimulator
		{9FAB0032-8CE1-4A52-A8B1-08E86454182E}.AppStore|iPhoneSimulator.Build.0 = AppStore|iPhoneSimulator
		{9FAB0032-8CE1-4A52-A8B1-08E86454182E}.AppStore|iPhoneSimulator.Deploy.0 = AppStore|iPhoneSimulator
		{9FAB0032-8CE1-4A52-A8B1-08E86454182E}.Debug|Any CPU.ActiveCfg = Debug|iPhoneSimulator
		{9FAB0032-8CE1-4A52-A8B1-08E86454182E}.Debug|Any CPU.Build.0 = Debug|iPhoneSimulator
		{9FAB0032-8CE1-4A52-A8B1-08E86454182E}.Debug|Any CPU.Deploy.0 = Debug|iPhoneSimulator
		{9FAB0032-8CE1-4A52-A8B1-08E86454182E}.Debug|iPhone.ActiveCfg = Debug|iPhone
		{9FAB0032-8CE1-4A52-A8B1-08E86454182E}.Debug|iPhone.Build.0 = Debug|iPhone
		{9FAB0032-8CE1-4A52-A8B1-08E86454182E}.Debug|iPhone.Deploy.0 = Debug|iPhone
		{9FAB0032-8CE1-4A52-A8B1-08E86454182E}.Debug|iPhoneSimulator.ActiveCfg = Debug|iPhoneSimulator
		{9FAB0032-8CE1-4A52-A8B1-08E86454182E}.Debug|iPhoneSimulator.Build.0 = Debug|iPhoneSimulator
		{9FAB0032-8CE1-4A52-A8B1-08E86454182E}.Debug|iPhoneSimulator.Deploy.0 = Debug|iPhoneSimulator
		{9FAB0032-8CE1-4A52-A8B1-08E86454182E}.Release|Any CPU.ActiveCfg = Release|iPhone
		{9FAB0032-8CE1-4A52-A8B1-08E86454182E}.Release|Any CPU.Build.0 = Release|iPhone
		{9FAB0032-8CE1-4A52-A8B1-08E86454182E}.Release|Any CPU.Deploy.0 = Release|iPhone
		{9FAB0032-8CE1-4A52-A8B1-08E86454182E}.Release|iPhone.ActiveCfg = Release|iPhone
		{9FAB0032-8CE1-4A52-A8B1-08E86454182E}.Release|iPhone.Build.0 = Release|iPhone
		{9FAB0032-8CE1-4A52-A8B1-08E86454182E}.Release|iPhone.Deploy.0 = Release|iPhone
		{9FAB0032-8CE1-4A52-A8B1-08E86454182E}.Release|iPhoneSimulator.ActiveCfg = Release|iPhoneSimulator
		{9FAB0032-8CE1-4A52-A8B1-08E86454182E}.Release|iPhoneSimulator.Build.0 = Release|iPhoneSimulator
		{9FAB0032-8CE1-4A52-A8B1-08E86454182E}.Release|iPhoneSimulator.Deploy.0 = Release|iPhoneSimulator
		{AB0EA93F-1934-4F12-B38B-321828C3901C}.Ad-Hoc|Any CPU.ActiveCfg = Debug|Any CPU
		{AB0EA93F-1934-4F12-B38B-321828C3901C}.Ad-Hoc|Any CPU.Build.0 = Debug|Any CPU
		{AB0EA93F-1934-4F12-B38B-321828C3901C}.Ad-Hoc|Any CPU.Deploy.0 = Debug|Any CPU
		{AB0EA93F-1934-4F12-B38B-321828C3901C}.Ad-Hoc|iPhone.ActiveCfg = Debug|Any CPU
		{AB0EA93F-1934-4F12-B38B-321828C3901C}.Ad-Hoc|iPhone.Build.0 = Debug|Any CPU
		{AB0EA93F-1934-4F12-B38B-321828C3901C}.Ad-Hoc|iPhone.Deploy.0 = Debug|Any CPU
		{AB0EA93F-1934-4F12-B38B-321828C3901C}.Ad-Hoc|iPhoneSimulator.ActiveCfg = Debug|Any CPU
		{AB0EA93F-1934-4F12-B38B-321828C3901C}.Ad-Hoc|iPhoneSimulator.Build.0 = Debug|Any CPU
		{AB0EA93F-1934-4F12-B38B-321828C3901C}.Ad-Hoc|iPhoneSimulator.Deploy.0 = Debug|Any CPU
		{AB0EA93F-1934-4F12-B38B-321828C3901C}.AppStore|Any CPU.ActiveCfg = Debug|Any CPU
		{AB0EA93F-1934-4F12-B38B-321828C3901C}.AppStore|Any CPU.Build.0 = Debug|Any CPU
		{AB0EA93F-1934-4F12-B38B-321828C3901C}.AppStore|Any CPU.Deploy.0 = Debug|Any CPU
		{AB0EA93F-1934-4F12-B38B-321828C3901C}.AppStore|iPhone.ActiveCfg = Debug|Any CPU
		{AB0EA93F-1934-4F12-B38B-321828C3901C}.AppStore|iPhone.Build.0 = Debug|Any CPU
		{AB0EA93F-1934-4F12-B38B-321828C3901C}.AppStore|iPhone.Deploy.0 = Debug|Any CPU
		{AB0EA93F-1934-4F12-B38B-321828C3901C}.AppStore|iPhoneSimulator.ActiveCfg = Debug|Any CPU
		{AB0EA93F-1934-4F12-B38B-321828C3901C}.AppStore|iPhoneSimulator.Build.0 = Debug|Any CPU
		{AB0EA93F-1934-4F12-B38B-321828C3901C}.AppStore|iPhoneSimulator.Deploy.0 = Debug|Any CPU
		{AB0EA93F-1934-4F12-B38B-321828C3901C}.Debug|Any CPU.ActiveCfg = Debug|Any CPU
		{AB0EA93F-1934-4F12-B38B-321828C3901C}.Debug|Any CPU.Build.0 = Debug|Any CPU
		{AB0EA93F-1934-4F12-B38B-321828C3901C}.Debug|Any CPU.Deploy.0 = Debug|Any CPU
		{AB0EA93F-1934-4F12-B38B-321828C3901C}.Debug|iPhone.ActiveCfg = Debug|Any CPU
		{AB0EA93F-1934-4F12-B38B-321828C3901C}.Debug|iPhone.Build.0 = Debug|Any CPU
		{AB0EA93F-1934-4F12-B38B-321828C3901C}.Debug|iPhone.Deploy.0 = Debug|Any CPU
		{AB0EA93F-1934-4F12-B38B-321828C3901C}.Debug|iPhoneSimulator.ActiveCfg = Debug|Any CPU
		{AB0EA93F-1934-4F12-B38B-321828C3901C}.Debug|iPhoneSimulator.Build.0 = Debug|Any CPU
		{AB0EA93F-1934-4F12-B38B-321828C3901C}.Debug|iPhoneSimulator.Deploy.0 = Debug|Any CPU
		{AB0EA93F-1934-4F12-B38B-321828C3901C}.Release|Any CPU.ActiveCfg = Release|Any CPU
		{AB0EA93F-1934-4F12-B38B-321828C3901C}.Release|Any CPU.Build.0 = Release|Any CPU
		{AB0EA93F-1934-4F12-B38B-321828C3901C}.Release|Any CPU.Deploy.0 = Release|Any CPU
		{AB0EA93F-1934-4F12-B38B-321828C3901C}.Release|iPhone.ActiveCfg = Release|Any CPU
		{AB0EA93F-1934-4F12-B38B-321828C3901C}.Release|iPhone.Build.0 = Release|Any CPU
		{AB0EA93F-1934-4F12-B38B-321828C3901C}.Release|iPhone.Deploy.0 = Release|Any CPU
		{AB0EA93F-1934-4F12-B38B-321828C3901C}.Release|iPhoneSimulator.ActiveCfg = Release|Any CPU
		{AB0EA93F-1934-4F12-B38B-321828C3901C}.Release|iPhoneSimulator.Build.0 = Release|Any CPU
		{AB0EA93F-1934-4F12-B38B-321828C3901C}.Release|iPhoneSimulator.Deploy.0 = Release|Any CPU
	EndGlobalSection
	GlobalSection(SolutionProperties) = preSolution
		HideSolutionNode = FALSE
	EndGlobalSection
	GlobalSection(ExtensibilityGlobals) = postSolution
		SolutionGuid = {17F00A08-8F71-4B50-AB70-FC1A5403DC2B}
	EndGlobalSection
EndGlobal
